
Microsoft Visual Studio Solution File, Format Version 12.00
# Visual Studio Version 17
VisualStudioVersion = 17.9.34723.18
MinimumVisualStudioVersion = 10.0.40219.1
Project("{FAE04EC0-301F-11D3-BF4B-00C04F79EFBC}") = "Redmine", "Redmine\Redmine.csproj", "{5507535B-EBEC-4DB5-9386-15183D5905AD}"
EndProject
Global
	GlobalSection(SolutionConfigurationPlatforms) = preSolution
		Debug|Any CPU = Debug|Any CPU
		Release|Any CPU = Release|Any CPU
	EndGlobalSection
	GlobalSection(ProjectConfigurationPlatforms) = postSolution
		{5507535B-EBEC-4DB5-9386-15183D5905AD}.Debug|Any CPU.ActiveCfg = Debug|Any CPU
		{5507535B-EBEC-4DB5-9386-15183D5905AD}.Debug|Any CPU.Build.0 = Debug|Any CPU
		{5507535B-EBEC-4DB5-9386-15183D5905AD}.Release|Any CPU.ActiveCfg = Release|Any CPU
		{5507535B-EBEC-4DB5-9386-15183D5905AD}.Release|Any CPU.Build.0 = Release|Any CPU
	EndGlobalSection
	GlobalSection(SolutionProperties) = preSolution
		HideSolutionNode = FALSE
	EndGlobalSection
	GlobalSection(ExtensibilityGlobals) = postSolution
		SolutionGuid = {1F4F867F-AAAD-4F64-A0D2-3D4C06D30888}
	EndGlobalSection
EndGlobal
